PODS:
  - Alamofire (4.9.1)
  - SwiftyJSON (4.0.0)
  - Toast-Swift (5.0.1)

DEPENDENCIES:
  - Alamofire (~> 4.9)
  - SwiftyJSON (~> 4.0.0)
  - Toast-Swift (~> 5.0.1)

SPEC REPOS:
  trunk:
    - Alamofire
    - SwiftyJSON
    - Toast-Swift

SPEC CHECKSUMS:
  Alamofire: 85e8a02c69d6020a0d734f6054870d7ecb75cf18
  SwiftyJSON: 070dabdcb1beb81b247c65ffa3a79dbbfb3b48aa
  Toast-Swift: 9b6a70f28b3bf0b96c40d46c0c4b9d6639846711

PODFILE CHECKSUM: 06fca4714b548b15a912cdf6a035c6bf3549ed46

COCOAPODS: 1.10.0
